
Microsoft Visual Studio Solution File, Format Version 11.00
# Visual Studio 2010
Project("{FAE04EC0-301F-11D3-BF4B-00C04F79EFBC}") = "Assembly-CSharp", "Assembly-CSharp.csproj", "{87EF5BD4-58D5-45FA-DAC7-DB851DDD9279}"
EndProject
Project("{FAE04EC0-301F-11D3-BF4B-00C04F79EFBC}") = "Assembly-CSharp-Editor", "Assembly-CSharp-Editor.csproj", "{5378EA7A-825C-5EB2-F99A-F303B2972D70}"
EndProject
Global
	GlobalSection(SolutionConfigurationPlatforms) = preSolution
		Debug|Any CPU = Debug|Any CPU
		Release|Any CPU = Release|Any CPU
	EndGlobalSection
	GlobalSection(ProjectConfigurationPlatforms) = postSolution
		{87EF5BD4-58D5-45FA-DAC7-DB851DDD9279}.Debug|Any CPU.ActiveCfg = Debug|Any CPU
		{87EF5BD4-58D5-45FA-DAC7-DB851DDD9279}.Debug|Any CPU.Build.0 = Debug|Any CPU
		{87EF5BD4-58D5-45FA-DAC7-DB851DDD9279}.Release|Any CPU.ActiveCfg = Release|Any CPU
		{87EF5BD4-58D5-45FA-DAC7-DB851DDD9279}.Release|Any CPU.Build.0 = Release|Any CPU
		{5378EA7A-825C-5EB2-F99A-F303B2972D70}.Debug|Any CPU.ActiveCfg = Debug|Any CPU
		{5378EA7A-825C-5EB2-F99A-F303B2972D70}.Debug|Any CPU.Build.0 = Debug|Any CPU
		{5378EA7A-825C-5EB2-F99A-F303B2972D70}.Release|Any CPU.ActiveCfg = Release|Any CPU
		{5378EA7A-825C-5EB2-F99A-F303B2972D70}.Release|Any CPU.Build.0 = Release|Any CPU
	EndGlobalSection
	GlobalSection(SolutionProperties) = preSolution
		HideSolutionNode = FALSE
	EndGlobalSection
	GlobalSection(MonoDevelopProperties) = preSolution
		StartupItem = Assembly-CSharp.csproj
	EndGlobalSection
EndGlobal
